// !$*UTF8*$!
{
	archiveVersion = 1;
	classes = {
	};
	objectVersion = 56;
	objects = {

/* Begin PBXBuildFile section */
		8C0C2C5E2CACCAFB008E78AE /* LoginView.swift in Sources */ = {isa = PBXBuildFile; fileRef = 8C0C2C5D2CACCAFB008E78AE /* LoginView.swift */; };
		8C1A78042CACE87100D505EB /* HomeView.swift in Sources */ = {isa = PBXBuildFile; fileRef = 8C1A78032CACE87100D505EB /* HomeView.swift */; };
		8C1A78062CACE8D900D505EB /* CreateAccountView.swift in Sources */ = {isa = PBXBuildFile; fileRef = 8C1A78052CACE8D900D505EB /* CreateAccountView.swift */; };
		8CDDFB6B2CAC9AD200406252 /* Laboratorio2App.swift in Sources */ = {isa = PBXBuildFile; fileRef = 8CDDFB6A2CAC9AD200406252 /* Laboratorio2App.swift */; };
		8CDDFB6D2CAC9AD200406252 /* ContentView.swift in Sources */ = {isa = PBXBuildFile; fileRef = 8CDDFB6C2CAC9AD200406252 /* ContentView.swift */; };
		8CDDFB6F2CAC9AD400406252 /* Assets.xcassets in Resources */ = {isa = PBXBuildFile; fileRef = 8CDDFB6E2CAC9AD400406252 /* Assets.xcassets */; };
		8CDDFB722CAC9AD400406252 /* Preview Assets.xcassets in Resources */ = {isa = PBXBuildFile; fileRef = 8CDDFB712CAC9AD400406252 /* Preview Assets.xcassets */; };
		8CDDFB7C2CAC9AD400406252 /* Laboratorio2Tests.swift in Sources */ = {isa = PBXBuildFile; fileRef = 8CDDFB7B2CAC9AD400406252 /* Laboratorio2Tests.swift */; };
		8CDDFB862CAC9AD400406252 /* Laboratorio2UITests.swift in Sources */ = {isa = PBXBuildFile; fileRef = 8CDDFB852CAC9AD400406252 /* Laboratorio2UITests.swift */; };
		8CDDFB882CAC9AD400406252 /* Laboratorio2UITestsLaunchTests.swift in Sources */ = {isa = PBXBuildFile; fileRef = 8CDDFB872CAC9AD400406252 /* Laboratorio2UITestsLaunchTests.swift */; };
/* End PBXBuildFile section */

/* Begin PBXContainerItemProxy section */
		8CDDFB782CAC9AD400406252 /* PBXContainerItemProxy */ = {
			isa = PBXContainerItemProxy;
			containerPortal = 8CDDFB5F2CAC9AD100406252 /* Project object */;
			proxyType = 1;
			remoteGlobalIDString = 8CDDFB662CAC9AD200406252;
			remoteInfo = Laboratorio2;
		};
		8CDDFB822CAC9AD400406252 /* PBXContainerItemProxy */ = {
			isa = PBXContainerItemProxy;
			containerPortal = 8CDDFB5F2CAC9AD100406252 /* Project object */;
			proxyType = 1;
			remoteGlobalIDString = 8CDDFB662CAC9AD200406252;
			remoteInfo = Laboratorio2;
		};
/* End PBXContainerItemProxy section */

/* Begin PBXFileReference section */
		8C0C2C5D2CACCAFB008E78AE /* LoginView.swift */ = {isa = PBXFileReference; lastKnownFileType = sourcecode.swift; path = LoginView.swift; sourceTree = "<group>"; };
		8C1A78032CACE87100D505EB /* HomeView.swift */ = {isa = PBXFileReference; lastKnownFileType = sourcecode.swift; path = HomeView.swift; sourceTree = "<group>"; };
		8C1A78052CACE8D900D505EB /* CreateAccountView.swift */ = {isa = PBXFileReference; lastKnownFileType = sourcecode.swift; path = CreateAccountView.swift; sourceTree = "<group>"; };
		8CDDFB672CAC9AD200406252 /* Laboratorio2.app */ = {isa = PBXFileReference; explicitFileType = wrapper.application; includeInIndex = 0; path = Laboratorio2.app; sourceTree = BUILT_PRODUCTS_DIR; };
		8CDDFB6A2CAC9AD200406252 /* Laboratorio2App.swift */ = {isa = PBXFileReference; lastKnownFileType = sourcecode.swift; path = Laboratorio2App.swift; sourceTree = "<group>"; };
		8CDDFB6C2CAC9AD200406252 /* ContentView.swift */ = {isa = PBXFileReference; lastKnownFileType = sourcecode.swift; path = ContentView.swift; sourceTree = "<group>"; };
		8CDDFB6E2CAC9AD400406252 /* Assets.xcassets */ = {isa = PBXFileReference; lastKnownFileType = folder.assetcatalog; path = Assets.xcassets; sourceTree = "<group>"; };
		8CDDFB712CAC9AD400406252 /* Preview Assets.xcassets */ = {isa = PBXFileReference; lastKnownFileType = folder.assetcatalog; path = "Preview Assets.xcassets"; sourceTree = "<group>"; };
		8CDDFB772CAC9AD400406252 /* Laboratorio2Tests.xctest */ = {isa = PBXFileReference; explicitFileType = wrapper.cfbundle; includeInIndex = 0; path = Laboratorio2Tests.xctest; sourceTree = BUILT_PRODUCTS_DIR; };
		8CDDFB7B2CAC9AD400406252 /* Laboratorio2Tests.swift */ = {isa = PBXFileReference; lastKnownFileType = sourcecode.swift; path = Laboratorio2Tests.swift; sourceTree = "<group>"; };
		8CDDFB812CAC9AD400406252 /* Laboratorio2UITests.xctest */ = {isa = PBXFileReference; explicitFileType = wrapper.cfbundle; includeInIndex = 0; path = Laboratorio2UITests.xctest; sourceTree = BUILT_PRODUCTS_DIR; };
		8CDDFB852CAC9AD400406252 /* Laboratorio2UITests.swift */ = {isa = PBXFileReference; lastKnownFileType = sourcecode.swift; path = Laboratorio2UITests.swift; sourceTree = "<group>"; };
		8CDDFB872CAC9AD400406252 /* Laboratorio2UITestsLaunchTests.swift */ = {isa = PBXFileReference; lastKnownFileType = sourcecode.swift; path = Laboratorio2UITestsLaunchTests.swift; sourceTree = "<group>"; };
/* End PBXFileReference section */

/* Begin PBXFrameworksBuildPhase section */
		8CDDFB642CAC9AD200406252 /* Frameworks */ = {
			isa = PBXFrameworksBuildPhase;
			buildActionMask = 2147483647;
			files = (
			);
			runOnlyForDeploymentPostprocessing = 0;
		};
		8CDDFB742CAC9AD400406252 /* Frameworks */ = {
			isa = PBXFrameworksBuildPhase;
			buildActionMask = 2147483647;
			files = (
			);
			runOnlyForDeploymentPostprocessing = 0;
		};
		8CDDFB7E2CAC9AD400406252 /* Frameworks */ = {
			isa = PBXFrameworksBuildPhase;
			buildActionMask = 2147483647;
			files = (
			);
			runOnlyForDeploymentPostprocessing = 0;
		};
/* End PBXFrameworksBuildPhase section */

/* Begin PBXGroup section */
		8CDDFB5E2CAC9AD100406252 = {
			isa = PBXGroup;
			children = (
				8CDDFB692CAC9AD200406252 /* Laboratorio2 */,
				8CDDFB7A2CAC9AD400406252 /* Laboratorio2Tests */,
				8CDDFB842CAC9AD400406252 /* Laboratorio2UITests */,
				8CDDFB682CAC9AD200406252 /* Products */,
			);
			sourceTree = "<group>";
		};
		8CDDFB682CAC9AD200406252 /* Products */ = {
			isa = PBXGroup;
			children = (
				8CDDFB672CAC9AD200406252 /* Laboratorio2.app */,
				8CDDFB772CAC9AD400406252 /* Laboratorio2Tests.xctest */,
				8CDDFB812CAC9AD400406252 /* Laboratorio2UITests.xctest */,
			);
			name = Products;
			sourceTree = "<group>";
		};
		8CDDFB692CAC9AD200406252 /* Laboratorio2 */ = {
			isa = PBXGroup;
			children = (
				8CDDFB6A2CAC9AD200406252 /* Laboratorio2App.swift */,
				8C1A78052CACE8D900D505EB /* CreateAccountView.swift */,
				8CDDFB6C2CAC9AD200406252 /* ContentView.swift */,
				8CDDFB6E2CAC9AD400406252 /* Assets.xcassets */,
				8CDDFB702CAC9AD400406252 /* Preview Content */,
				8C0C2C5D2CACCAFB008E78AE /* LoginView.swift */,
				8C1A78032CACE87100D505EB /* HomeView.swift */,
			);
			path = Laboratorio2;
			sourceTree = "<group>";
		};
		8CDDFB702CAC9AD400406252 /* Preview Content */ = {
			isa = PBXGroup;
			children = (
				8CDDFB712CAC9AD400406252 /* Preview Assets.xcassets */,
			);
			path = "Preview Content";
			sourceTree = "<group>";
		};
		8CDDFB7A2CAC9AD400406252 /* Laboratorio2Tests */ = {
			isa = PBXGroup;
			children = (
				8CDDFB7B2CAC9AD400406252 /* Laboratorio2Tests.swift */,
			);
			path = Laboratorio2Tests;
			sourceTree = "<group>";
		};
		8CDDFB842CAC9AD400406252 /* Laboratorio2UITests */ = {
			isa = PBXGroup;
			children = (
				8CDDFB852CAC9AD400406252 /* Laboratorio2UITests.swift */,
				8CDDFB872CAC9AD400406252 /* Laboratorio2UITestsLaunchTests.swift */,
			);
			path = Laboratorio2UITests;
			sourceTree = "<group>";
		};
/* End PBXGroup section */

/* Begin PBXNativeTarget section */
		8CDDFB662CAC9AD200406252 /* Laboratorio2 */ = {
			isa = PBXNativeTarget;
			buildConfigurationList = 8CDDFB8B2CAC9AD400406252 /* Build configuration list for PBXNativeTarget "Laboratorio2" */;
			buildPhases = (
				8CDDFB632CAC9AD200406252 /* Sources */,
				8CDDFB642CAC9AD200406252 /* Frameworks */,
				8CDDFB652CAC9AD200406252 /* Resources */,
			);
			buildRules = (
			);
			dependencies = (
			);
			name = Laboratorio2;
			productName = Laboratorio2;
			productReference = 8CDDFB672CAC9AD200406252 /* Laboratorio2.app */;
			productType = "com.apple.product-type.application";
		};
		8CDDFB762CAC9AD400406252 /* Laboratorio2Tests */ = {
			isa = PBXNativeTarget;
			buildConfigurationList = 8CDDFB8E2CAC9AD400406252 /* Build configuration list for PBXNativeTarget "Laboratorio2Tests" */;
			buildPhases = (
				8CDDFB732CAC9AD400406252 /* Sources */,
				8CDDFB742CAC9AD400406252 /* Frameworks */,
				8CDDFB752CAC9AD400406252 /* Resources */,
			);
			buildRules = (
			);
			dependencies = (
				8CDDFB792CAC9AD400406252 /* PBXTargetDependency */,
			);
			name = Laboratorio2Tests;
			productName = Laboratorio2Tests;
			productReference = 8CDDFB772CAC9AD400406252 /* Laboratorio2Tests.xctest */;
			productType = "com.apple.product-type.bundle.unit-test";
		};
		8CDDFB802CAC9AD400406252 /* Laboratorio2UITests */ = {
			isa = PBXNativeTarget;
			buildConfigurationList = 8CDDFB912CAC9AD400406252 /* Build configuration list for PBXNativeTarget "Laboratorio2UITests" */;
			buildPhases = (
				8CDDFB7D2CAC9AD400406252 /* Sources */,
				8CDDFB7E2CAC9AD400406252 /* Frameworks */,
				8CDDFB7F2CAC9AD400406252 /* Resources */,
			);
			buildRules = (
			);
			dependencies = (
				8CDDFB832CAC9AD400406252 /* PBXTargetDependency */,
			);
			name = Laboratorio2UITests;
			productName = Laboratorio2UITests;
			productReference = 8CDDFB812CAC9AD400406252 /* Laboratorio2UITests.xctest */;
			productType = "com.apple.product-type.bundle.ui-testing";
		};
/* End PBXNativeTarget section */

/* Begin PBXProject section */
		8CDDFB5F2CAC9AD100406252 /* Project object */ = {
			isa = PBXProject;
			attributes = {
				BuildIndependentTargetsInParallel = 1;
				LastSwiftUpdateCheck = 1500;
				LastUpgradeCheck = 1500;
				TargetAttributes = {
					8CDDFB662CAC9AD200406252 = {
						CreatedOnToolsVersion = 15.0;
					};
					8CDDFB762CAC9AD400406252 = {
						CreatedOnToolsVersion = 15.0;
						TestTargetID = 8CDDFB662CAC9AD200406252;
					};
					8CDDFB802CAC9AD400406252 = {
						CreatedOnToolsVersion = 15.0;
						TestTargetID = 8CDDFB662CAC9AD200406252;
					};
				};
			};
			buildConfigurationList = 8CDDFB622CAC9AD100406252 /* Build configuration list for PBXProject "Laboratorio2" */;
			compatibilityVersion = "Xcode 14.0";
			developmentRegion = en;
			hasScannedForEncodings = 0;
			knownRegions = (
				en,
				Base,
			);
			mainGroup = 8CDDFB5E2CAC9AD100406252;
			productRefGroup = 8CDDFB682CAC9AD200406252 /* Products */;
			projectDirPath = "";
			projectRoot = "";
			targets = (
				8CDDFB662CAC9AD200406252 /* Laboratorio2 */,
				8CDDFB762CAC9AD400406252 /* Laboratorio2Tests */,
				8CDDFB802CAC9AD400406252 /* Laboratorio2UITests */,
			);
		};
/* End PBXProject section */

/* Begin PBXResourcesBuildPhase section */
		8CDDFB652CAC9AD200406252 /* Resources */ = {
			isa = PBXResourcesBuildPhase;
			buildActionMask = 2147483647;
			files = (
				8CDDFB722CAC9AD400406252 /* Preview Assets.xcassets in Resources */,
				8CDDFB6F2CAC9AD400406252 /* Assets.xcassets in Resources */,
			);
			runOnlyForDeploymentPostprocessing = 0;
		};
		8CDDFB752CAC9AD400406252 /* Resources */ = {
			isa = PBXResourcesBuildPhase;
			buildActionMask = 2147483647;
			files = (
			);
			runOnlyForDeploymentPostprocessing = 0;
		};
		8CDDFB7F2CAC9AD400406252 /* Resources */ = {
			isa = PBXResourcesBuildPhase;
			buildActionMask = 2147483647;
			files = (
			);
			runOnlyForDeploymentPostprocessing = 0;
		};
/* End PBXResourcesBuildPhase section */

/* Begin PBXSourcesBuildPhase section */
		8CDDFB632CAC9AD200406252 /* Sources */ = {
			isa = PBXSourcesBuildPhase;
			buildActionMask = 2147483647;
			files = (
				8C0C2C5E2CACCAFB008E78AE /* LoginView.swift in Sources */,
				8C1A78042CACE87100D505EB /* HomeView.swift in Sources */,
				8CDDFB6D2CAC9AD200406252 /* ContentView.swift in Sources */,
				8CDDFB6B2CAC9AD200406252 /* Laboratorio2App.swift in Sources */,
				8C1A78062CACE8D900D505EB /* CreateAccountView.swift in Sources */,
			);
			runOnlyForDeploymentPostprocessing = 0;
		};
		8CDDFB732CAC9AD400406252 /* Sources */ = {
			isa = PBXSourcesBuildPhase;
			buildActionMask = 2147483647;
			files = (
				8CDDFB7C2CAC9AD400406252 /* Laboratorio2Tests.swift in Sources */,
			);
			runOnlyForDeploymentPostprocessing = 0;
		};
		8CDDFB7D2CAC9AD400406252 /* Sources */ = {
			isa = PBXSourcesBuildPhase;
			buildActionMask = 2147483647;
			files = (
				8CDDFB882CAC9AD400406252 /* Laboratorio2UITestsLaunchTests.swift in Sources */,
				8CDDFB862CAC9AD400406252 /* Laboratorio2UITests.swift in Sources */,
			);
			runOnlyForDeploymentPostprocessing = 0;
		};
/* End PBXSourcesBuildPhase section */

/* Begin PBXTargetDependency section */
		8CDDFB792CAC9AD400406252 /* PBXTargetDependency */ = {
			isa = PBXTargetDependency;
			target = 8CDDFB662CAC9AD200406252 /* Laboratorio2 */;
			targetProxy = 8CDDFB782CAC9AD400406252 /* PBXContainerItemProxy */;
		};
		8CDDFB832CAC9AD400406252 /* PBXTargetDependency */ = {
			isa = PBXTargetDependency;
			target = 8CDDFB662CAC9AD200406252 /* Laboratorio2 */;
			targetProxy = 8CDDFB822CAC9AD400406252 /* PBXContainerItemProxy */;
		};
/* End PBXTargetDependency section */

/* Begin XCBuildConfiguration section */
		8CDDFB892CAC9AD400406252 /* Debug */ = {
			isa = XCBuildConfiguration;
			buildSettings = {
				ALWAYS_SEARCH_USER_PATHS = NO;
				ASSETCATALOG_COMPILER_GENERATE_SWIFT_ASSET_SYMBOL_EXTENSIONS = YES;
				CLANG_ANALYZER_NONNULL = YES;
				CLANG_ANALYZER_NUMBER_OBJECT_CONVERSION = YES_AGGRESSIVE;
				CLANG_CXX_LANGUAGE_STANDARD = "gnu++20";
				CLANG_ENABLE_MODULES = YES;
				CLANG_ENABLE_OBJC_ARC = YES;
				CLANG_ENABLE_OBJC_WEAK = YES;
				CLANG_WARN_BLOCK_CAPTURE_AUTORELEASING = YES;
				CLANG_WARN_BOOL_CONVERSION = YES;
				CLANG_WARN_COMMA = YES;
				CLANG_WARN_CONSTANT_CONVERSION = YES;
				CLANG_WARN_DEPRECATED_OBJC_IMPLEMENTATIONS = YES;
				CLANG_WARN_DIRECT_OBJC_ISA_USAGE = YES_ERROR;
				CLANG_WARN_DOCUMENTATION_COMMENTS = YES;
				CLANG_WARN_EMPTY_BODY = YES;
				CLANG_WARN_ENUM_CONVERSION = YES;
				CLANG_WARN_INFINITE_RECURSION = YES;
				CLANG_WARN_INT_CONVERSION = YES;
				CLANG_WARN_NON_LITERAL_NULL_CONVERSION = YES;
				CLANG_WARN_OBJC_IMPLICIT_RETAIN_SELF = YES;
				CLANG_WARN_OBJC_LITERAL_CONVERSION = YES;
				CLANG_WARN_OBJC_ROOT_CLASS = YES_ERROR;
				CLANG_WARN_QUOTED_INCLUDE_IN_FRAMEWORK_HEADER = YES;
				CLANG_WARN_RANGE_LOOP_ANALYSIS = YES;
				CLANG_WARN_STRICT_PROTOTYPES = YES;
				CLANG_WARN_SUSPICIOUS_MOVE = YES;
				CLANG_WARN_UNGUARDED_AVAILABILITY = YES_AGGRESSIVE;
				CLANG_WARN_UNREACHABLE_CODE = YES;
				CLANG_WARN__DUPLICATE_METHOD_MATCH = YES;
				COPY_PHASE_STRIP = NO;
				DEBUG_INFORMATION_FORMAT = dwarf;
				ENABLE_STRICT_OBJC_MSGSEND = YES;
				ENABLE_TESTABILITY = YES;
				ENABLE_USER_SCRIPT_SANDBOXING = YES;
				GCC_C_LANGUAGE_STANDARD = gnu17;
				GCC_DYNAMIC_NO_PIC = NO;
				GCC_NO_COMMON_BLOCKS = YES;
				GCC_OPTIMIZATION_LEVEL = 0;
				GCC_PREPROCESSOR_DEFINITIONS = (
					"DEBUG=1",
					"$(inherited)",
				);
				GCC_WARN_64_TO_32_BIT_CONVERSION = YES;
				GCC_WARN_ABOUT_RETURN_TYPE = YES_ERROR;
				GCC_WARN_UNDECLARED_SELECTOR = YES;
				GCC_WARN_UNINITIALIZED_AUTOS = YES_AGGRESSIVE;
				GCC_WARN_UNUSED_FUNCTION = YES;
				GCC_WARN_UNUSED_VARIABLE = YES;
				IPHONEOS_DEPLOYMENT_TARGET = 17.0;
				LOCALIZATION_PREFERS_STRING_CATALOGS = YES;
				MTL_ENABLE_DEBUG_INFO = INCLUDE_SOURCE;
				MTL_FAST_MATH = YES;
				ONLY_ACTIVE_ARCH = YES;
				SDKROOT = iphoneos;
				SWIFT_ACTIVE_COMPILATION_CONDITIONS = "DEBUG $(inherited)";
				SWIFT_OPTIMIZATION_LEVEL = "-Onone";
			};
			name = Debug;
		};
		8CDDFB8A2CAC9AD400406252 /* Release */ = {
			isa = XCBuildConfiguration;
			buildSettings = {
				ALWAYS_SEARCH_USER_PATHS = NO;
				ASSETCATALOG_COMPILER_GENERATE_SWIFT_ASSET_SYMBOL_EXTENSIONS = YES;
				CLANG_ANALYZER_NONNULL = YES;
				CLANG_ANALYZER_NUMBER_OBJECT_CONVERSION = YES_AGGRESSIVE;
				CLANG_CXX_LANGUAGE_STANDARD = "gnu++20";
				CLANG_ENABLE_MODULES = YES;
				CLANG_ENABLE_OBJC_ARC = YES;
				CLANG_ENABLE_OBJC_WEAK = YES;
				CLANG_WARN_BLOCK_CAPTURE_AUTORELEASING = YES;
				CLANG_WARN_BOOL_CONVERSION = YES;
				CLANG_WARN_COMMA = YES;
				CLANG_WARN_CONSTANT_CONVERSION = YES;
				CLANG_WARN_DEPRECATED_OBJC_IMPLEMENTATIONS = YES;
				CLANG_WARN_DIRECT_OBJC_ISA_USAGE = YES_ERROR;
				CLANG_WARN_DOCUMENTATION_COMMENTS = YES;
				CLANG_WARN_EMPTY_BODY = YES;
				CLANG_WARN_ENUM_CONVERSION = YES;
				CLANG_WARN_INFINITE_RECURSION = YES;
				CLANG_WARN_INT_CONVERSION = YES;
				CLANG_WARN_NON_LITERAL_NULL_CONVERSION = YES;
				CLANG_WARN_OBJC_IMPLICIT_RETAIN_SELF = YES;
				CLANG_WARN_OBJC_LITERAL_CONVERSION = YES;
				CLANG_WARN_OBJC_ROOT_CLASS = YES_ERROR;
				CLANG_WARN_QUOTED_INCLUDE_IN_FRAMEWORK_HEADER = YES;
				CLANG_WARN_RANGE_LOOP_ANALYSIS = YES;
				CLANG_WARN_STRICT_PROTOTYPES = YES;
				CLANG_WARN_SUSPICIOUS_MOVE = YES;
				CLANG_WARN_UNGUARDED_AVAILABILITY = YES_AGGRESSIVE;
				CLANG_WARN_UNREACHABLE_CODE = YES;
				CLANG_WARN__DUPLICATE_METHOD_MATCH = YES;
				COPY_PHASE_STRIP = NO;
				DEBUG_INFORMATION_FORMAT = "dwarf-with-dsym";
				ENABLE_NS_ASSERTIONS = NO;
				ENABLE_STRICT_OBJC_MSGSEND = YES;
				ENABLE_USER_SCRIPT_SANDBOXING = YES;
				GCC_C_LANGUAGE_STANDARD = gnu17;
				GCC_NO_COMMON_BLOCKS = YES;
				GCC_WARN_64_TO_32_BIT_CONVERSION = YES;
				GCC_WARN_ABOUT_RETURN_TYPE = YES_ERROR;
				GCC_WARN_UNDECLARED_SELECTOR = YES;
				GCC_WARN_UNINITIALIZED_AUTOS = YES_AGGRESSIVE;
				GCC_WARN_UNUSED_FUNCTION = YES;
				GCC_WARN_UNUSED_VARIABLE = YES;
				IPHONEOS_DEPLOYMENT_TARGET = 17.0;
				LOCALIZATION_PREFERS_STRING_CATALOGS = YES;
				MTL_ENABLE_DEBUG_INFO = NO;
				MTL_FAST_MATH = YES;
				SDKROOT = iphoneos;
				SWIFT_COMPILATION_MODE = wholemodule;
				VALIDATE_PRODUCT = YES;
			};
			name = Release;
		};
		8CDDFB8C2CAC9AD400406252 /* Debug */ = {
			isa = XCBuildConfiguration;
			buildSettings = {
				ASSETCATALOG_COMPILER_APPICON_NAME = AppIcon;
				ASSETCATALOG_COMPILER_GLOBAL_ACCENT_COLOR_NAME = AccentColor;
				CODE_SIGN_STYLE = Automatic;
				CURRENT_PROJECT_VERSION = 1;
				DEVELOPMENT_ASSET_PATHS = "\"Laboratorio2/Preview Content\"";
				ENABLE_PREVIEWS = YES;
				GENERATE_INFOPLIST_FILE = YES;
				INFOPLIST_KEY_UIApplicationSceneManifest_Generation = YES;
				INFOPLIST_KEY_UIApplicationSupportsIndirectInputEvents = YES;
				INFOPLIST_KEY_UILaunchScreen_Generation = YES;
				INFOPLIST_KEY_UISupportedInterfaceOrientations_iPad = "UIInterfaceOrientationPortrait UIInterfaceOrientationPortraitUpsideDown UIInterfaceOrientationLandscapeLeft UIInterfaceOrientationLandscapeRight";
				INFOPLIST_KEY_UISupportedInterfaceOrientations_iPhone = "UIInterfaceOrientationPortrait UIInterfaceOrientationLandscapeLeft UIInterfaceOrientationLandscapeRight";
				IPHONEOS_DEPLOYMENT_TARGET = 15.0;
				LD_RUNPATH_SEARCH_PATHS = (
					"$(inherited)",
					"@executable_path/Frameworks",
				);
				MARKETING_VERSION = 1.0;
				PRODUCT_BUNDLE_IDENTIFIER = DANP.Laboratorio2;
				PRODUCT_NAME = "$(TARGET_NAME)";
				SWIFT_EMIT_LOC_STRINGS = YES;
				SWIFT_VERSION = 5.0;
				TARGETED_DEVICE_FAMILY = "1,2";
			};
			name = Debug;
		};
		8CDDFB8D2CAC9AD400406252 /* Release */ = {
			isa = XCBuildConfiguration;
			buildSettings = {
				ASSETCATALOG_COMPILER_APPICON_NAME = AppIcon;
				ASSETCATALOG_COMPILER_GLOBAL_ACCENT_COLOR_NAME = AccentColor;
				CODE_SIGN_STYLE = Automatic;
				CURRENT_PROJECT_VERSION = 1;
				DEVELOPMENT_ASSET_PATHS = "\"Laboratorio2/Preview Content\"";
				ENABLE_PREVIEWS = YES;
				GENERATE_INFOPLIST_FILE = YES;
				INFOPLIST_KEY_UIApplicationSceneManifest_Generation = YES;
				INFOPLIST_KEY_UIApplicationSupportsIndirectInputEvents = YES;
				INFOPLIST_KEY_UILaunchScreen_Generation = YES;
				INFOPLIST_KEY_UISupportedInterfaceOrientations_iPad = "UIInterfaceOrientationPortrait UIInterfaceOrientationPortraitUpsideDown UIInterfaceOrientationLandscapeLeft UIInterfaceOrientationLandscapeRight";
				INFOPLIST_KEY_UISupportedInterfaceOrientations_iPhone = "UIInterfaceOrientationPortrait UIInterfaceOrientationLandscapeLeft UIInterfaceOrientationLandscapeRight";
				IPHONEOS_DEPLOYMENT_TARGET = 15.0;
				LD_RUNPATH_SEARCH_PATHS = (
					"$(inherited)",
					"@executable_path/Frameworks",
				);
				MARKETING_VERSION = 1.0;
				PRODUCT_BUNDLE_IDENTIFIER = DANP.Laboratorio2;
				PRODUCT_NAME = "$(TARGET_NAME)";
				SWIFT_EMIT_LOC_STRINGS = YES;
				SWIFT_VERSION = 5.0;
				TARGETED_DEVICE_FAMILY = "1,2";
			};
			name = Release;
		};
		8CDDFB8F2CAC9AD400406252 /* Debug */ = {
			isa = XCBuildConfiguration;
			buildSettings = {
				ALWAYS_EMBED_SWIFT_STANDARD_LIBRARIES = YES;
				BUNDLE_LOADER = "$(TEST_HOST)";
				CODE_SIGN_STYLE = Automatic;
				CURRENT_PROJECT_VERSION = 1;
				GENERATE_INFOPLIST_FILE = YES;
				IPHONEOS_DEPLOYMENT_TARGET = 17.0;
				MARKETING_VERSION = 1.0;
				PRODUCT_BUNDLE_IDENTIFIER = DANP.Laboratorio2Tests;
				PRODUCT_NAME = "$(TARGET_NAME)";
				SWIFT_EMIT_LOC_STRINGS = NO;
				SWIFT_VERSION = 5.0;
				TARGETED_DEVICE_FAMILY = "1,2";
				TEST_HOST = "$(BUILT_PRODUCTS_DIR)/Laboratorio2.app/$(BUNDLE_EXECUTABLE_FOLDER_PATH)/Laboratorio2";
			};
			name = Debug;
		};
		8CDDFB902CAC9AD400406252 /* Release */ = {
			isa = XCBuildConfiguration;
			buildSettings = {
				ALWAYS_EMBED_SWIFT_STANDARD_LIBRARIES = YES;
				BUNDLE_LOADER = "$(TEST_HOST)";
				CODE_SIGN_STYLE = Automatic;
				CURRENT_PROJECT_VERSION = 1;
				GENERATE_INFOPLIST_FILE = YES;
				IPHONEOS_DEPLOYMENT_TARGET = 17.0;
				MARKETING_VERSION = 1.0;
				PRODUCT_BUNDLE_IDENTIFIER = DANP.Laboratorio2Tests;
				PRODUCT_NAME = "$(TARGET_NAME)";
				SWIFT_EMIT_LOC_STRINGS = NO;
				SWIFT_VERSION = 5.0;
				TARGETED_DEVICE_FAMILY = "1,2";
				TEST_HOST = "$(BUILT_PRODUCTS_DIR)/Laboratorio2.app/$(BUNDLE_EXECUTABLE_FOLDER_PATH)/Laboratorio2";
			};
			name = Release;
		};
		8CDDFB922CAC9AD400406252 /* Debug */ = {
			isa = XCBuildConfiguration;
			buildSettings = {
				ALWAYS_EMBED_SWIFT_STANDARD_LIBRARIES = YES;
				CODE_SIGN_STYLE = Automatic;
				CURRENT_PROJECT_VERSION = 1;
				GENERATE_INFOPLIST_FILE = YES;
				MARKETING_VERSION = 1.0;
				PRODUCT_BUNDLE_IDENTIFIER = DANP.Laboratorio2UITests;
				PRODUCT_NAME = "$(TARGET_NAME)";
				SWIFT_EMIT_LOC_STRINGS = NO;
				SWIFT_VERSION = 5.0;
				TARGETED_DEVICE_FAMILY = "1,2";
				TEST_TARGET_NAME = Laboratorio2;
			};
			name = Debug;
		};
		8CDDFB932CAC9AD400406252 /* Release */ = {
			isa = XCBuildConfiguration;
			buildSettings = {
				ALWAYS_EMBED_SWIFT_STANDARD_LIBRARIES = YES;
				CODE_SIGN_STYLE = Automatic;
				CURRENT_PROJECT_VERSION = 1;
				GENERATE_INFOPLIST_FILE = YES;
				MARKETING_VERSION = 1.0;
				PRODUCT_BUNDLE_IDENTIFIER = DANP.Laboratorio2UITests;
				PRODUCT_NAME = "$(TARGET_NAME)";
				SWIFT_EMIT_LOC_STRINGS = NO;
				SWIFT_VERSION = 5.0;
				TARGETED_DEVICE_FAMILY = "1,2";
				TEST_TARGET_NAME = Laboratorio2;
			};
			name = Release;
		};
/* End XCBuildConfiguration section */

/* Begin XCConfigurationList section */
		8CDDFB622CAC9AD100406252 /* Build configuration list for PBXProject "Laboratorio2" */ = {
			isa = XCConfigurationList;
			buildConfigurations = (
				8CDDFB892CAC9AD400406252 /* Debug */,
				8CDDFB8A2CAC9AD400406252 /* Release */,
			);
			defaultConfigurationIsVisible = 0;
			defaultConfigurationName = Release;
		};
		8CDDFB8B2CAC9AD400406252 /* Build configuration list for PBXNativeTarget "Laboratorio2" */ = {
			isa = XCConfigurationList;
			buildConfigurations = (
				8CDDFB8C2CAC9AD400406252 /* Debug */,
				8CDDFB8D2CAC9AD400406252 /* Release */,
			);
			defaultConfigurationIsVisible = 0;
			defaultConfigurationName = Release;
		};
		8CDDFB8E2CAC9AD400406252 /* Build configuration list for PBXNativeTarget "Laboratorio2Tests" */ = {
			isa = XCConfigurationList;
			buildConfigurations = (
				8CDDFB8F2CAC9AD400406252 /* Debug */,
				8CDDFB902CAC9AD400406252 /* Release */,
			);
			defaultConfigurationIsVisible = 0;
			defaultConfigurationName = Release;
		};
		8CDDFB912CAC9AD400406252 /* Build configuration list for PBXNativeTarget "Laboratorio2UITests" */ = {
			isa = XCConfigurationList;
			buildConfigurations = (
				8CDDFB922CAC9AD400406252 /* Debug */,
				8CDDFB932CAC9AD400406252 /* Release */,
			);
			defaultConfigurationIsVisible = 0;
			defaultConfigurationName = Release;
		};
/* End XCConfigurationList section */
	};
	rootObject = 8CDDFB5F2CAC9AD100406252 /* Project object */;
}
